
Microsoft Visual Studio Solution File, Format Version 12.00
# Visual Studio Version 16
VisualStudioVersion = 16.0.30114.105
MinimumVisualStudioVersion = 10.0.40219.1
Project("{2150E333-8FDC-42A3-9474-1A3956D46DE8}") = "src", "src", "{B5201409-10EB-49EA-A7B1-9C609EA9CDBA}"
EndProject
Project("{FAE04EC0-301F-11D3-BF4B-00C04F79EFBC}") = "Chekkan.AzureDevOpsInsights", "src\Chekkan.AzureDevOpsInsights\Chekkan.AzureDevOpsInsights.csproj", "{1C803CCA-58B6-4A79-B1E1-F9D426FDFB46}"
EndProject
Global
	GlobalSection(SolutionConfigurationPlatforms) = preSolution
		Debug|Any CPU = Debug|Any CPU
		Release|Any CPU = Release|Any CPU
	EndGlobalSection
	GlobalSection(SolutionProperties) = preSolution
		HideSolutionNode = FALSE
	EndGlobalSection
	GlobalSection(ProjectConfigurationPlatforms) = postSolution
		{1C803CCA-58B6-4A79-B1E1-F9D426FDFB46}.Debug|Any CPU.ActiveCfg = Debug|Any CPU
		{1C803CCA-58B6-4A79-B1E1-F9D426FDFB46}.Debug|Any CPU.Build.0 = Debug|Any CPU
		{1C803CCA-58B6-4A79-B1E1-F9D426FDFB46}.Release|Any CPU.ActiveCfg = Release|Any CPU
		{1C803CCA-58B6-4A79-B1E1-F9D426FDFB46}.Release|Any CPU.Build.0 = Release|Any CPU
	EndGlobalSection
	GlobalSection(NestedProjects) = preSolution
		{1C803CCA-58B6-4A79-B1E1-F9D426FDFB46} = {B5201409-10EB-49EA-A7B1-9C609EA9CDBA}
	EndGlobalSection
EndGlobal
